{
  "name": "h2h-tf",
  "version": "0.0.3",
  "lockfileVersion": 1,
  "requires": true,
  "dependencies": {
    "xtal-latx": {
      "version": "0.0.84",
      "resolved": "https://registry.npmjs.org/xtal-latx/-/xtal-latx-0.0.84.tgz",
      "integrity": "sha512-uJA8roHwQq50xjTElw5q6P4TN65qS6+HYdOb1aq0ecn/WZ5vMmAbwzN91bkXuq5rdX9alkNTd5Zc93jcSR5DSQ=="
    }
  }
}
